
Microsoft Visual Studio Solution File, Format Version 12.00
# Visual Studio 15
VisualStudioVersion = 15.0.28010.2046
MinimumVisualStudioVersion = 10.0.40219.1
Project("{FAE04EC0-301F-11D3-BF4B-00C04F79EFBC}") = "CacheToolkit.Redis", "Redis\CacheToolkit.Redis.csproj", "{525CDBD2-9FE2-4EDE-AC12-600391CE0422}"
EndProject
Project("{FAE04EC0-301F-11D3-BF4B-00C04F79EFBC}") = "CacheToolkit.Redis.Test", "Redis.Test\CacheToolkit.Redis.Test.csproj", "{3BA54FDC-2556-4320-A128-0E8101591060}"
EndProject
Project("{FAE04EC0-301F-11D3-BF4B-00C04F79EFBC}") = "CacheToolkit.ConsoleUI", "ConsoleUI\CacheToolkit.ConsoleUI.csproj", "{38E32124-99CE-4B94-8F75-912DA5ED7926}"
EndProject
Project("{FAE04EC0-301F-11D3-BF4B-00C04F79EFBC}") = "CacheToolkit.Serialization", "Serialization\CacheToolkit.Serialization.csproj", "{59E22A1C-9CA3-443F-8DA9-E22F6CE98A53}"
EndProject
Project("{FAE04EC0-301F-11D3-BF4B-00C04F79EFBC}") = "CacheToolkit.Core", "Core\CacheToolkit.Core.csproj", "{CAC1CA76-3CD3-438C-89AE-60EC6F6EEDB6}"
EndProject
Project("{9A19103F-16F7-4668-BE54-9A1E7A4F7556}") = "AnyCache.Core", "AnyCache.Core\AnyCache.Core.csproj", "{4EA9B637-8C09-412D-A654-BB7EF70E9B3E}"
EndProject
Project("{9A19103F-16F7-4668-BE54-9A1E7A4F7556}") = "AnyCache.Redis", "AnyCache.Redis\AnyCache.Redis.csproj", "{C851405D-3845-432F-85A1-5F0CB3876040}"
EndProject
Project("{9A19103F-16F7-4668-BE54-9A1E7A4F7556}") = "AnyCache.InMemory", "AnyCache.Memory\AnyCache.InMemory.csproj", "{EAC0FCBC-0F24-4672-87D1-964D80896493}"
EndProject
Project("{FAE04EC0-301F-11D3-BF4B-00C04F79EFBC}") = "AnyCache.Serialization", "AnyCache.Serialization\AnyCache.Serialization.csproj", "{3FEB97D0-A894-45F2-B788-9FE11C67E3BC}"
EndProject
Project("{FAE04EC0-301F-11D3-BF4B-00C04F79EFBC}") = "AnyCache.Test", "AnyCache.Test\AnyCache.Test.csproj", "{42C3FBB7-943D-47B1-8E87-F2D345440BAC}"
EndProject
Project("{FAE04EC0-301F-11D3-BF4B-00C04F79EFBC}") = "AnyCache.Test.NetCore", "AnyCache.Test.NetCore\AnyCache.Test.NetCore.csproj", "{4C59D3E1-AC42-41DD-B90F-651A943B7468}"
EndProject
Project("{FAE04EC0-301F-11D3-BF4B-00C04F79EFBC}") = "AnyCache.Test.Core", "AnyCache.Test.Core\AnyCache.Test.Core.csproj", "{834D2F39-87C9-40BA-ADE7-64B0EFFDDE23}"
EndProject
Project("{FAE04EC0-301F-11D3-BF4B-00C04F79EFBC}") = "AnyCache.Serialization.Protobuf", "AnyCache.Serialization.Protobuf\AnyCache.Serialization.Protobuf.csproj", "{40D59561-4D58-4EF9-AD30-AFE8D16F072B}"
EndProject
Global
	GlobalSection(SolutionConfigurationPlatforms) = preSolution
		Debug|Any CPU = Debug|Any CPU
		Release|Any CPU = Release|Any CPU
	EndGlobalSection
	GlobalSection(ProjectConfigurationPlatforms) = postSolution
		{525CDBD2-9FE2-4EDE-AC12-600391CE0422}.Debug|Any CPU.ActiveCfg = Debug|Any CPU
		{525CDBD2-9FE2-4EDE-AC12-600391CE0422}.Debug|Any CPU.Build.0 = Debug|Any CPU
		{525CDBD2-9FE2-4EDE-AC12-600391CE0422}.Release|Any CPU.ActiveCfg = Release|Any CPU
		{525CDBD2-9FE2-4EDE-AC12-600391CE0422}.Release|Any CPU.Build.0 = Release|Any CPU
		{3BA54FDC-2556-4320-A128-0E8101591060}.Debug|Any CPU.ActiveCfg = Debug|Any CPU
		{3BA54FDC-2556-4320-A128-0E8101591060}.Debug|Any CPU.Build.0 = Debug|Any CPU
		{3BA54FDC-2556-4320-A128-0E8101591060}.Release|Any CPU.ActiveCfg = Release|Any CPU
		{3BA54FDC-2556-4320-A128-0E8101591060}.Release|Any CPU.Build.0 = Release|Any CPU
		{38E32124-99CE-4B94-8F75-912DA5ED7926}.Debug|Any CPU.ActiveCfg = Debug|Any CPU
		{38E32124-99CE-4B94-8F75-912DA5ED7926}.Debug|Any CPU.Build.0 = Debug|Any CPU
		{38E32124-99CE-4B94-8F75-912DA5ED7926}.Release|Any CPU.ActiveCfg = Release|Any CPU
		{38E32124-99CE-4B94-8F75-912DA5ED7926}.Release|Any CPU.Build.0 = Release|Any CPU
		{59E22A1C-9CA3-443F-8DA9-E22F6CE98A53}.Debug|Any CPU.ActiveCfg = Debug|Any CPU
		{59E22A1C-9CA3-443F-8DA9-E22F6CE98A53}.Debug|Any CPU.Build.0 = Debug|Any CPU
		{59E22A1C-9CA3-443F-8DA9-E22F6CE98A53}.Release|Any CPU.ActiveCfg = Release|Any CPU
		{59E22A1C-9CA3-443F-8DA9-E22F6CE98A53}.Release|Any CPU.Build.0 = Release|Any CPU
		{CAC1CA76-3CD3-438C-89AE-60EC6F6EEDB6}.Debug|Any CPU.ActiveCfg = Debug|Any CPU
		{CAC1CA76-3CD3-438C-89AE-60EC6F6EEDB6}.Debug|Any CPU.Build.0 = Debug|Any CPU
		{CAC1CA76-3CD3-438C-89AE-60EC6F6EEDB6}.Release|Any CPU.ActiveCfg = Release|Any CPU
		{CAC1CA76-3CD3-438C-89AE-60EC6F6EEDB6}.Release|Any CPU.Build.0 = Release|Any CPU
		{4EA9B637-8C09-412D-A654-BB7EF70E9B3E}.Debug|Any CPU.ActiveCfg = Debug|Any CPU
		{4EA9B637-8C09-412D-A654-BB7EF70E9B3E}.Debug|Any CPU.Build.0 = Debug|Any CPU
		{4EA9B637-8C09-412D-A654-BB7EF70E9B3E}.Release|Any CPU.ActiveCfg = Release|Any CPU
		{4EA9B637-8C09-412D-A654-BB7EF70E9B3E}.Release|Any CPU.Build.0 = Release|Any CPU
		{C851405D-3845-432F-85A1-5F0CB3876040}.Debug|Any CPU.ActiveCfg = Debug|Any CPU
		{C851405D-3845-432F-85A1-5F0CB3876040}.Debug|Any CPU.Build.0 = Debug|Any CPU
		{C851405D-3845-432F-85A1-5F0CB3876040}.Release|Any CPU.ActiveCfg = Release|Any CPU
		{C851405D-3845-432F-85A1-5F0CB3876040}.Release|Any CPU.Build.0 = Release|Any CPU
		{EAC0FCBC-0F24-4672-87D1-964D80896493}.Debug|Any CPU.ActiveCfg = Debug|Any CPU
		{EAC0FCBC-0F24-4672-87D1-964D80896493}.Debug|Any CPU.Build.0 = Debug|Any CPU
		{EAC0FCBC-0F24-4672-87D1-964D80896493}.Release|Any CPU.ActiveCfg = Release|Any CPU
		{EAC0FCBC-0F24-4672-87D1-964D80896493}.Release|Any CPU.Build.0 = Release|Any CPU
		{3FEB97D0-A894-45F2-B788-9FE11C67E3BC}.Debug|Any CPU.ActiveCfg = Debug|Any CPU
		{3FEB97D0-A894-45F2-B788-9FE11C67E3BC}.Debug|Any CPU.Build.0 = Debug|Any CPU
		{3FEB97D0-A894-45F2-B788-9FE11C67E3BC}.Release|Any CPU.ActiveCfg = Release|Any CPU
		{3FEB97D0-A894-45F2-B788-9FE11C67E3BC}.Release|Any CPU.Build.0 = Release|Any CPU
		{42C3FBB7-943D-47B1-8E87-F2D345440BAC}.Debug|Any CPU.ActiveCfg = Debug|Any CPU
		{42C3FBB7-943D-47B1-8E87-F2D345440BAC}.Debug|Any CPU.Build.0 = Debug|Any CPU
		{42C3FBB7-943D-47B1-8E87-F2D345440BAC}.Release|Any CPU.ActiveCfg = Release|Any CPU
		{42C3FBB7-943D-47B1-8E87-F2D345440BAC}.Release|Any CPU.Build.0 = Release|Any CPU
		{4C59D3E1-AC42-41DD-B90F-651A943B7468}.Debug|Any CPU.ActiveCfg = Debug|Any CPU
		{4C59D3E1-AC42-41DD-B90F-651A943B7468}.Debug|Any CPU.Build.0 = Debug|Any CPU
		{4C59D3E1-AC42-41DD-B90F-651A943B7468}.Release|Any CPU.ActiveCfg = Release|Any CPU
		{4C59D3E1-AC42-41DD-B90F-651A943B7468}.Release|Any CPU.Build.0 = Release|Any CPU
		{834D2F39-87C9-40BA-ADE7-64B0EFFDDE23}.Debug|Any CPU.ActiveCfg = Debug|Any CPU
		{834D2F39-87C9-40BA-ADE7-64B0EFFDDE23}.Debug|Any CPU.Build.0 = Debug|Any CPU
		{834D2F39-87C9-40BA-ADE7-64B0EFFDDE23}.Release|Any CPU.ActiveCfg = Release|Any CPU
		{834D2F39-87C9-40BA-ADE7-64B0EFFDDE23}.Release|Any CPU.Build.0 = Release|Any CPU
		{40D59561-4D58-4EF9-AD30-AFE8D16F072B}.Debug|Any CPU.ActiveCfg = Debug|Any CPU
		{40D59561-4D58-4EF9-AD30-AFE8D16F072B}.Debug|Any CPU.Build.0 = Debug|Any CPU
		{40D59561-4D58-4EF9-AD30-AFE8D16F072B}.Release|Any CPU.ActiveCfg = Release|Any CPU
		{40D59561-4D58-4EF9-AD30-AFE8D16F072B}.Release|Any CPU.Build.0 = Release|Any CPU
	EndGlobalSection
	GlobalSection(SolutionProperties) = preSolution
		HideSolutionNode = FALSE
	EndGlobalSection
	GlobalSection(ExtensibilityGlobals) = postSolution
		SolutionGuid = {5B082E29-A4CE-44B5-B956-764519AB6AE7}
	EndGlobalSection
EndGlobal
